# This file is automatically @generated by Cargo.
# It is not intended for manual editing.
version = 4

[[package]]
name = "risk-bench"
version = "0.1.0"
dependencies = [
 "risk-core",
 "risk-pretrade",
]

[[package]]
name = "risk-core"
version = "0.1.0"

[[package]]
name = "risk-portfolio"
version = "0.1.0"
dependencies = [
 "risk-core",
]

[[package]]
name = "risk-pretrade"
version = "0.1.0"
dependencies = [
 "risk-core",
]
